
Microsoft Visual Studio Solution File, Format Version 12.00
# Visual Studio Version 17
VisualStudioVersion = 17.11.35312.102
MinimumVisualStudioVersion = 10.0.40219.1
Project("{FAE04EC0-301F-11D3-BF4B-00C04F79EFBC}") = "GreekFire", "GreekFire\GreekFire.csproj", "{892E1674-563E-4FA0-A5A2-FDFC3FE21DDF}"
EndProject
Project("{9A19103F-16F7-4668-BE54-9A1E7A4F7556}") = "Triangle", "..\Triangle\Triangle.csproj", "{01FBC239-1DDA-46D0-91C9-635C20A97DBC}"
EndProject
Project("{FAE04EC0-301F-11D3-BF4B-00C04F79EFBC}") = "GreekFireTestApp", "GreekFireTestApp\GreekFireTestApp.csproj", "{8BEAFA14-DA9D-43F7-A0EF-BCCEE99D8A9E}"
EndProject
Global
	GlobalSection(SolutionConfigurationPlatforms) = preSolution
		Debug|Any CPU = Debug|Any CPU
		Debug|x64 = Debug|x64
		Release|Any CPU = Release|Any CPU
		Release|x64 = Release|x64
	EndGlobalSection
	GlobalSection(ProjectConfigurationPlatforms) = postSolution
		{892E1674-563E-4FA0-A5A2-FDFC3FE21DDF}.Debug|Any CPU.ActiveCfg = Debug|Any CPU
		{892E1674-563E-4FA0-A5A2-FDFC3FE21DDF}.Debug|Any CPU.Build.0 = Debug|Any CPU
		{892E1674-563E-4FA0-A5A2-FDFC3FE21DDF}.Debug|x64.ActiveCfg = Debug|Any CPU
		{892E1674-563E-4FA0-A5A2-FDFC3FE21DDF}.Debug|x64.Build.0 = Debug|Any CPU
		{892E1674-563E-4FA0-A5A2-FDFC3FE21DDF}.Release|Any CPU.ActiveCfg = Release|Any CPU
		{892E1674-563E-4FA0-A5A2-FDFC3FE21DDF}.Release|Any CPU.Build.0 = Release|Any CPU
		{892E1674-563E-4FA0-A5A2-FDFC3FE21DDF}.Release|x64.ActiveCfg = Release|Any CPU
		{892E1674-563E-4FA0-A5A2-FDFC3FE21DDF}.Release|x64.Build.0 = Release|Any CPU
		{01FBC239-1DDA-46D0-91C9-635C20A97DBC}.Debug|Any CPU.ActiveCfg = Debug|Any CPU
		{01FBC239-1DDA-46D0-91C9-635C20A97DBC}.Debug|Any CPU.Build.0 = Debug|Any CPU
		{01FBC239-1DDA-46D0-91C9-635C20A97DBC}.Debug|x64.ActiveCfg = Debug|x64
		{01FBC239-1DDA-46D0-91C9-635C20A97DBC}.Debug|x64.Build.0 = Debug|x64
		{01FBC239-1DDA-46D0-91C9-635C20A97DBC}.Release|Any CPU.ActiveCfg = Release|Any CPU
		{01FBC239-1DDA-46D0-91C9-635C20A97DBC}.Release|Any CPU.Build.0 = Release|Any CPU
		{01FBC239-1DDA-46D0-91C9-635C20A97DBC}.Release|x64.ActiveCfg = Release|x64
		{01FBC239-1DDA-46D0-91C9-635C20A97DBC}.Release|x64.Build.0 = Release|x64
		{8BEAFA14-DA9D-43F7-A0EF-BCCEE99D8A9E}.Debug|Any CPU.ActiveCfg = Debug|Any CPU
		{8BEAFA14-DA9D-43F7-A0EF-BCCEE99D8A9E}.Debug|Any CPU.Build.0 = Debug|Any CPU
		{8BEAFA14-DA9D-43F7-A0EF-BCCEE99D8A9E}.Debug|x64.ActiveCfg = Debug|Any CPU
		{8BEAFA14-DA9D-43F7-A0EF-BCCEE99D8A9E}.Debug|x64.Build.0 = Debug|Any CPU
		{8BEAFA14-DA9D-43F7-A0EF-BCCEE99D8A9E}.Release|Any CPU.ActiveCfg = Release|Any CPU
		{8BEAFA14-DA9D-43F7-A0EF-BCCEE99D8A9E}.Release|Any CPU.Build.0 = Release|Any CPU
		{8BEAFA14-DA9D-43F7-A0EF-BCCEE99D8A9E}.Release|x64.ActiveCfg = Release|Any CPU
		{8BEAFA14-DA9D-43F7-A0EF-BCCEE99D8A9E}.Release|x64.Build.0 = Release|Any CPU
	EndGlobalSection
	GlobalSection(SolutionProperties) = preSolution
		HideSolutionNode = FALSE
	EndGlobalSection
	GlobalSection(ExtensibilityGlobals) = postSolution
		SolutionGuid = {6E991EF6-1284-46E0-949B-88F590DCB8D0}
	EndGlobalSection
EndGlobal
